
Microsoft Visual Studio Solution File, Format Version 12.00
# Visual Studio Version 17
VisualStudioVersion = 17.9.34728.123
MinimumVisualStudioVersion = 10.0.40219.1
Project("{FAE04EC0-301F-11D3-BF4B-00C04F79EFBC}") = "App3", "App3\App3.csproj", "{8F3A9EFB-0016-47AE-9E45-E54BA5D3FD5E}"
EndProject
Global
	GlobalSection(SolutionConfigurationPlatforms) = preSolution
		Debug|Any CPU = Debug|Any CPU
		Release|Any CPU = Release|Any CPU
	EndGlobalSection
	GlobalSection(ProjectConfigurationPlatforms) = postSolution
		{8F3A9EFB-0016-47AE-9E45-E54BA5D3FD5E}.Debug|Any CPU.ActiveCfg = Debug|Any CPU
		{8F3A9EFB-0016-47AE-9E45-E54BA5D3FD5E}.Debug|Any CPU.Build.0 = Debug|Any CPU
		{8F3A9EFB-0016-47AE-9E45-E54BA5D3FD5E}.Release|Any CPU.ActiveCfg = Release|Any CPU
		{8F3A9EFB-0016-47AE-9E45-E54BA5D3FD5E}.Release|Any CPU.Build.0 = Release|Any CPU
	EndGlobalSection
	GlobalSection(SolutionProperties) = preSolution
		HideSolutionNode = FALSE
	EndGlobalSection
	GlobalSection(ExtensibilityGlobals) = postSolution
		SolutionGuid = {3CAA5886-B643-43B7-B7AF-AB06F96EAABE}
	EndGlobalSection
EndGlobal
